// !$*UTF8*$!
{
	archiveVersion = 1;
	classes = {
	};
	objectVersion = 48;
	objects = {

/* Begin PBXBuildFile section */
		5A5265AD1FA515FD007B1503 /* main.swift in Sources */ = {isa = PBXBuildFile; fileRef = 5A5265AC1FA515FD007B1503 /* main.swift */; };
		5A5265B41FA52A6D007B1503 /* Parser.swift in Sources */ = {isa = PBXBuildFile; fileRef = 5A5265B31FA52A6D007B1503 /* Parser.swift */; };
		5A5265B61FA52A81007B1503 /* Code.swift in Sources */ = {isa = PBXBuildFile; fileRef = 5A5265B51FA52A81007B1503 /* Code.swift */; };
		5A5265B81FA52A93007B1503 /* SymbolTable.swift in Sources */ = {isa = PBXBuildFile; fileRef = 5A5265B71FA52A93007B1503 /* SymbolTable.swift */; };
		5A5265BC1FA52CE1007B1503 /* Console.swift in Sources */ = {isa = PBXBuildFile; fileRef = 5A5265BB1FA52CE1007B1503 /* Console.swift */; };
		5A7C4D311FC7663000BB642B /* StringExtension.swift in Sources */ = {isa = PBXBuildFile; fileRef = 5A7C4D301FC7663000BB642B /* StringExtension.swift */; };
		5AE7F7691FC5B6A80035D91F /* FileHandleExtension.swift in Sources */ = {isa = PBXBuildFile; fileRef = 5AE7F7681FC5B6A80035D91F /* FileHandleExtension.swift */; };
/* End PBXBuildFile section */

/* Begin PBXCopyFilesBuildPhase section */
		5A5265A71FA515FD007B1503 /* CopyFiles */ = {
			isa = PBXCopyFilesBuildPhase;
			buildActionMask = 2147483647;
			dstPath = /usr/share/man/man1/;
			dstSubfolderSpec = 0;
			files = (
			);
			runOnlyForDeploymentPostprocessing = 1;
		};
/* End PBXCopyFilesBuildPhase section */

/* Begin PBXFileReference section */
		5A5265A91FA515FD007B1503 /* Assembler */ = {isa = PBXFileReference; explicitFileType = "compiled.mach-o.executable"; includeInIndex = 0; path = Assembler; sourceTree = BUILT_PRODUCTS_DIR; };
		5A5265AC1FA515FD007B1503 /* main.swift */ = {isa = PBXFileReference; lastKnownFileType = sourcecode.swift; path = main.swift; sourceTree = "<group>"; };
		5A5265B31FA52A6D007B1503 /* Parser.swift */ = {isa = PBXFileReference; lastKnownFileType = sourcecode.swift; path = Parser.swift; sourceTree = "<group>"; };
		5A5265B51FA52A81007B1503 /* Code.swift */ = {isa = PBXFileReference; lastKnownFileType = sourcecode.swift; path = Code.swift; sourceTree = "<group>"; };
		5A5265B71FA52A93007B1503 /* SymbolTable.swift */ = {isa = PBXFileReference; lastKnownFileType = sourcecode.swift; path = SymbolTable.swift; sourceTree = "<group>"; };
		5A5265BB1FA52CE1007B1503 /* Console.swift */ = {isa = PBXFileReference; lastKnownFileType = sourcecode.swift; path = Console.swift; sourceTree = "<group>"; };
		5A7C4D301FC7663000BB642B /* StringExtension.swift */ = {isa = PBXFileReference; lastKnownFileType = sourcecode.swift; path = StringExtension.swift; sourceTree = "<group>"; };
		5AE7F7681FC5B6A80035D91F /* FileHandleExtension.swift */ = {isa = PBXFileReference; lastKnownFileType = sourcecode.swift; path = FileHandleExtension.swift; sourceTree = "<group>"; };
/* End PBXFileReference section */

/* Begin PBXFrameworksBuildPhase section */
		5A5265A61FA515FD007B1503 /* Frameworks */ = {
			isa = PBXFrameworksBuildPhase;
			buildActionMask = 2147483647;
			files = (
			);
			runOnlyForDeploymentPostprocessing = 0;
		};
/* End PBXFrameworksBuildPhase section */

/* Begin PBXGroup section */
		5A5265A01FA515FD007B1503 = {
			isa = PBXGroup;
			children = (
				5A5265AB1FA515FD007B1503 /* Assembler */,
				5A5265AA1FA515FD007B1503 /* Products */,
			);
			sourceTree = "<group>";
		};
		5A5265AA1FA515FD007B1503 /* Products */ = {
			isa = PBXGroup;
			children = (
				5A5265A91FA515FD007B1503 /* Assembler */,
			);
			name = Products;
			sourceTree = "<group>";
		};
		5A5265AB1FA515FD007B1503 /* Assembler */ = {
			isa = PBXGroup;
			children = (
				5A5265AC1FA515FD007B1503 /* main.swift */,
				5A5265BB1FA52CE1007B1503 /* Console.swift */,
				5A5265B31FA52A6D007B1503 /* Parser.swift */,
				5A5265B51FA52A81007B1503 /* Code.swift */,
				5A5265B71FA52A93007B1503 /* SymbolTable.swift */,
				5A7C4D331FC7697A00BB642B /* Extensions */,
			);
			path = Assembler;
			sourceTree = "<group>";
		};
		5A7C4D331FC7697A00BB642B /* Extensions */ = {
			isa = PBXGroup;
			children = (
				5AE7F7681FC5B6A80035D91F /* FileHandleExtension.swift */,
				5A7C4D301FC7663000BB642B /* StringExtension.swift */,
			);
			path = Extensions;
			sourceTree = "<group>";
		};
/* End PBXGroup section */

/* Begin PBXNativeTarget section */
		5A5265A81FA515FD007B1503 /* Assembler */ = {
			isa = PBXNativeTarget;
			buildConfigurationList = 5A5265B01FA515FD007B1503 /* Build configuration list for PBXNativeTarget "Assembler" */;
			buildPhases = (
				5A5265A51FA515FD007B1503 /* Sources */,
				5A5265A61FA515FD007B1503 /* Frameworks */,
				5A5265A71FA515FD007B1503 /* CopyFiles */,
			);
			buildRules = (
			);
			dependencies = (
			);
			name = Assembler;
			productName = Assembler;
			productReference = 5A5265A91FA515FD007B1503 /* Assembler */;
			productType = "com.apple.product-type.tool";
		};
/* End PBXNativeTarget section */

/* Begin PBXProject section */
		5A5265A11FA515FD007B1503 /* Project object */ = {
			isa = PBXProject;
			attributes = {
				LastSwiftUpdateCheck = 0900;
				LastUpgradeCheck = 0900;
				ORGANIZATIONNAME = "Murat Dogu";
				TargetAttributes = {
					5A5265A81FA515FD007B1503 = {
						CreatedOnToolsVersion = 9.0.1;
						ProvisioningStyle = Automatic;
					};
				};
			};
			buildConfigurationList = 5A5265A41FA515FD007B1503 /* Build configuration list for PBXProject "Assembler" */;
			compatibilityVersion = "Xcode 8.0";
			developmentRegion = en;
			hasScannedForEncodings = 0;
			knownRegions = (
				en,
			);
			mainGroup = 5A5265A01FA515FD007B1503;
			productRefGroup = 5A5265AA1FA515FD007B1503 /* Products */;
			projectDirPath = "";
			projectRoot = "";
			targets = (
				5A5265A81FA515FD007B1503 /* Assembler */,
			);
		};
/* End PBXProject section */

/* Begin PBXSourcesBuildPhase section */
		5A5265A51FA515FD007B1503 /* Sources */ = {
			isa = PBXSourcesBuildPhase;
			buildActionMask = 2147483647;
			files = (
				5A5265B41FA52A6D007B1503 /* Parser.swift in Sources */,
				5A7C4D311FC7663000BB642B /* StringExtension.swift in Sources */,
				5A5265BC1FA52CE1007B1503 /* Console.swift in Sources */,
				5A5265B61FA52A81007B1503 /* Code.swift in Sources */,
				5AE7F7691FC5B6A80035D91F /* FileHandleExtension.swift in Sources */,
				5A5265B81FA52A93007B1503 /* SymbolTable.swift in Sources */,
				5A5265AD1FA515FD007B1503 /* main.swift in Sources */,
			);
			runOnlyForDeploymentPostprocessing = 0;
		};
/* End PBXSourcesBuildPhase section */

/* Begin XCBuildConfiguration section */
		5A5265AE1FA515FD007B1503 /* Debug */ = {
			isa = XCBuildConfiguration;
			buildSettings = {
				ALWAYS_SEARCH_USER_PATHS = NO;
				CLANG_ANALYZER_NONNULL = YES;
				CLANG_ANALYZER_NUMBER_OBJECT_CONVERSION = YES_AGGRESSIVE;
				CLANG_CXX_LANGUAGE_STANDARD = "gnu++14";
				CLANG_CXX_LIBRARY = "libc++";
				CLANG_ENABLE_MODULES = YES;
				CLANG_ENABLE_OBJC_ARC = YES;
				CLANG_WARN_BLOCK_CAPTURE_AUTORELEASING = YES;
				CLANG_WARN_BOOL_CONVERSION = YES;
				CLANG_WARN_COMMA = YES;
				CLANG_WARN_CONSTANT_CONVERSION = YES;
				CLANG_WARN_DIRECT_OBJC_ISA_USAGE = YES_ERROR;
				CLANG_WARN_DOCUMENTATION_COMMENTS = YES;
				CLANG_WARN_EMPTY_BODY = YES;
				CLANG_WARN_ENUM_CONVERSION = YES;
				CLANG_WARN_INFINITE_RECURSION = YES;
				CLANG_WARN_INT_CONVERSION = YES;
				CLANG_WARN_NON_LITERAL_NULL_CONVERSION = YES;
				CLANG_WARN_OBJC_LITERAL_CONVERSION = YES;
				CLANG_WARN_OBJC_ROOT_CLASS = YES_ERROR;
				CLANG_WARN_RANGE_LOOP_ANALYSIS = YES;
				CLANG_WARN_STRICT_PROTOTYPES = YES;
				CLANG_WARN_SUSPICIOUS_MOVE = YES;
				CLANG_WARN_UNGUARDED_AVAILABILITY = YES_AGGRESSIVE;
				CLANG_WARN_UNREACHABLE_CODE = YES;
				CLANG_WARN__DUPLICATE_METHOD_MATCH = YES;
				CODE_SIGN_IDENTITY = "Mac Developer";
				COPY_PHASE_STRIP = NO;
				DEBUG_INFORMATION_FORMAT = dwarf;
				ENABLE_STRICT_OBJC_MSGSEND = YES;
				ENABLE_TESTABILITY = YES;
				GCC_C_LANGUAGE_STANDARD = gnu11;
				GCC_DYNAMIC_NO_PIC = NO;
				GCC_NO_COMMON_BLOCKS = YES;
				GCC_OPTIMIZATION_LEVEL = 0;
				GCC_PREPROCESSOR_DEFINITIONS = (
					"DEBUG=1",
					"$(inherited)",
				);
				GCC_WARN_64_TO_32_BIT_CONVERSION = YES;
				GCC_WARN_ABOUT_RETURN_TYPE = YES_ERROR;
				GCC_WARN_UNDECLARED_SELECTOR = YES;
				GCC_WARN_UNINITIALIZED_AUTOS = YES_AGGRESSIVE;
				GCC_WARN_UNUSED_FUNCTION = YES;
				GCC_WARN_UNUSED_VARIABLE = YES;
				MACOSX_DEPLOYMENT_TARGET = 10.13;
				MTL_ENABLE_DEBUG_INFO = YES;
				ONLY_ACTIVE_ARCH = YES;
				SDKROOT = macosx;
				SWIFT_ACTIVE_COMPILATION_CONDITIONS = DEBUG;
				SWIFT_OPTIMIZATION_LEVEL = "-Onone";
			};
			name = Debug;
		};
		5A5265AF1FA515FD007B1503 /* Release */ = {
			isa = XCBuildConfiguration;
			buildSettings = {
				ALWAYS_SEARCH_USER_PATHS = NO;
				CLANG_ANALYZER_NONNULL = YES;
				CLANG_ANALYZER_NUMBER_OBJECT_CONVERSION = YES_AGGRESSIVE;
				CLANG_CXX_LANGUAGE_STANDARD = "gnu++14";
				CLANG_CXX_LIBRARY = "libc++";
				CLANG_ENABLE_MODULES = YES;
				CLANG_ENABLE_OBJC_ARC = YES;
				CLANG_WARN_BLOCK_CAPTURE_AUTORELEASING = YES;
				CLANG_WARN_BOOL_CONVERSION = YES;
				CLANG_WARN_COMMA = YES;
				CLANG_WARN_CONSTANT_CONVERSION = YES;
				CLANG_WARN_DIRECT_OBJC_ISA_USAGE = YES_ERROR;
				CLANG_WARN_DOCUMENTATION_COMMENTS = YES;
				CLANG_WARN_EMPTY_BODY = YES;
				CLANG_WARN_ENUM_CONVERSION = YES;
				CLANG_WARN_INFINITE_RECURSION = YES;
				CLANG_WARN_INT_CONVERSION = YES;
				CLANG_WARN_NON_LITERAL_NULL_CONVERSION = YES;
				CLANG_WARN_OBJC_LITERAL_CONVERSION = YES;
				CLANG_WARN_OBJC_ROOT_CLASS = YES_ERROR;
				CLANG_WARN_RANGE_LOOP_ANALYSIS = YES;
				CLANG_WARN_STRICT_PROTOTYPES = YES;
				CLANG_WARN_SUSPICIOUS_MOVE = YES;
				CLANG_WARN_UNGUARDED_AVAILABILITY = YES_AGGRESSIVE;
				CLANG_WARN_UNREACHABLE_CODE = YES;
				CLANG_WARN__DUPLICATE_METHOD_MATCH = YES;
				CODE_SIGN_IDENTITY = "Mac Developer";
				COPY_PHASE_STRIP = NO;
				DEBUG_INFORMATION_FORMAT = "dwarf-with-dsym";
				ENABLE_NS_ASSERTIONS = NO;
				ENABLE_STRICT_OBJC_MSGSEND = YES;
				GCC_C_LANGUAGE_STANDARD = gnu11;
				GCC_NO_COMMON_BLOCKS = YES;
				GCC_WARN_64_TO_32_BIT_CONVERSION = YES;
				GCC_WARN_ABOUT_RETURN_TYPE = YES_ERROR;
				GCC_WARN_UNDECLARED_SELECTOR = YES;
				GCC_WARN_UNINITIALIZED_AUTOS = YES_AGGRESSIVE;
				GCC_WARN_UNUSED_FUNCTION = YES;
				GCC_WARN_UNUSED_VARIABLE = YES;
				MACOSX_DEPLOYMENT_TARGET = 10.13;
				MTL_ENABLE_DEBUG_INFO = NO;
				SDKROOT = macosx;
				SWIFT_OPTIMIZATION_LEVEL = "-Owholemodule";
			};
			name = Release;
		};
		5A5265B11FA515FD007B1503 /* Debug */ = {
			isa = XCBuildConfiguration;
			buildSettings = {
				CODE_SIGN_STYLE = Automatic;
				DEVELOPMENT_TEAM = K2DTYA2AVN;
				PRODUCT_NAME = "$(TARGET_NAME)";
				SWIFT_VERSION = 4.0;
			};
			name = Debug;
		};
		5A5265B21FA515FD007B1503 /* Release */ = {
			isa = XCBuildConfiguration;
			buildSettings = {
				CODE_SIGN_STYLE = Automatic;
				DEVELOPMENT_TEAM = K2DTYA2AVN;
				PRODUCT_NAME = "$(TARGET_NAME)";
				SWIFT_VERSION = 4.0;
			};
			name = Release;
		};
/* End XCBuildConfiguration section */

/* Begin XCConfigurationList section */
		5A5265A41FA515FD007B1503 /* Build configuration list for PBXProject "Assembler" */ = {
			isa = XCConfigurationList;
			buildConfigurations = (
				5A5265AE1FA515FD007B1503 /* Debug */,
				5A5265AF1FA515FD007B1503 /* Release */,
			);
			defaultConfigurationIsVisible = 0;
			defaultConfigurationName = Release;
		};
		5A5265B01FA515FD007B1503 /* Build configuration list for PBXNativeTarget "Assembler" */ = {
			isa = XCConfigurationList;
			buildConfigurations = (
				5A5265B11FA515FD007B1503 /* Debug */,
				5A5265B21FA515FD007B1503 /* Release */,
			);
			defaultConfigurationIsVisible = 0;
			defaultConfigurationName = Release;
		};
/* End XCConfigurationList section */
	};
	rootObject = 5A5265A11FA515FD007B1503 /* Project object */;
}
